
Microsoft Visual Studio Solution File, Format Version 12.00
# Visual Studio 15
Project("{FAE04EC0-301F-11D3-BF4B-00C04F79EFBC}") = "HipTips.Android", "HipTips.Android\HipTips.Android.csproj", "{A71C33C5-B83B-4DB5-8A47-3985E68BBF4E}"
EndProject
Project("{FAE04EC0-301F-11D3-BF4B-00C04F79EFBC}") = "HipTips.iOS", "HipTips.iOS\HipTips.iOS.csproj", "{F57A317F-4147-4E29-83FD-3DA0D17D76C9}"
EndProject
Project("{FAE04EC0-301F-11D3-BF4B-00C04F79EFBC}") = "HipTips", "HipTips\HipTips.csproj", "{73428D28-AA86-427D-8334-9EF848DF7531}"
EndProject
Global
	GlobalSection(SolutionConfigurationPlatforms) = preSolution
		Debug|Any CPU = Debug|Any CPU
		Release|Any CPU = Release|Any CPU
		Debug|iPhoneSimulator = Debug|iPhoneSimulator
		Release|iPhoneSimulator = Release|iPhoneSimulator
		Debug|iPhone = Debug|iPhone
		Release|iPhone = Release|iPhone
	EndGlobalSection
	GlobalSection(ProjectConfigurationPlatforms) = postSolution
		{A71C33C5-B83B-4DB5-8A47-3985E68BBF4E}.Debug|Any CPU.ActiveCfg = Debug|Any CPU
		{A71C33C5-B83B-4DB5-8A47-3985E68BBF4E}.Debug|Any CPU.Build.0 = Debug|Any CPU
		{A71C33C5-B83B-4DB5-8A47-3985E68BBF4E}.Release|Any CPU.ActiveCfg = Release|Any CPU
		{A71C33C5-B83B-4DB5-8A47-3985E68BBF4E}.Release|Any CPU.Build.0 = Release|Any CPU
		{A71C33C5-B83B-4DB5-8A47-3985E68BBF4E}.Debug|iPhoneSimulator.ActiveCfg = Debug|Any CPU
		{A71C33C5-B83B-4DB5-8A47-3985E68BBF4E}.Debug|iPhoneSimulator.Build.0 = Debug|Any CPU
		{A71C33C5-B83B-4DB5-8A47-3985E68BBF4E}.Release|iPhoneSimulator.ActiveCfg = Release|Any CPU
		{A71C33C5-B83B-4DB5-8A47-3985E68BBF4E}.Release|iPhoneSimulator.Build.0 = Release|Any CPU
		{A71C33C5-B83B-4DB5-8A47-3985E68BBF4E}.Debug|iPhone.ActiveCfg = Debug|Any CPU
		{A71C33C5-B83B-4DB5-8A47-3985E68BBF4E}.Debug|iPhone.Build.0 = Debug|Any CPU
		{A71C33C5-B83B-4DB5-8A47-3985E68BBF4E}.Release|iPhone.ActiveCfg = Release|Any CPU
		{A71C33C5-B83B-4DB5-8A47-3985E68BBF4E}.Release|iPhone.Build.0 = Release|Any CPU
		{F57A317F-4147-4E29-83FD-3DA0D17D76C9}.Debug|Any CPU.ActiveCfg = Debug|iPhoneSimulator
		{F57A317F-4147-4E29-83FD-3DA0D17D76C9}.Debug|Any CPU.Build.0 = Debug|iPhoneSimulator
		{F57A317F-4147-4E29-83FD-3DA0D17D76C9}.Release|Any CPU.ActiveCfg = Release|iPhoneSimulator
		{F57A317F-4147-4E29-83FD-3DA0D17D76C9}.Release|Any CPU.Build.0 = Release|iPhoneSimulator
		{F57A317F-4147-4E29-83FD-3DA0D17D76C9}.Debug|iPhoneSimulator.ActiveCfg = Debug|iPhoneSimulator
		{F57A317F-4147-4E29-83FD-3DA0D17D76C9}.Debug|iPhoneSimulator.Build.0 = Debug|iPhoneSimulator
		{F57A317F-4147-4E29-83FD-3DA0D17D76C9}.Release|iPhoneSimulator.ActiveCfg = Release|iPhoneSimulator
		{F57A317F-4147-4E29-83FD-3DA0D17D76C9}.Release|iPhoneSimulator.Build.0 = Release|iPhoneSimulator
		{F57A317F-4147-4E29-83FD-3DA0D17D76C9}.Debug|iPhone.ActiveCfg = Debug|iPhone
		{F57A317F-4147-4E29-83FD-3DA0D17D76C9}.Debug|iPhone.Build.0 = Debug|iPhone
		{F57A317F-4147-4E29-83FD-3DA0D17D76C9}.Release|iPhone.ActiveCfg = Release|iPhone
		{F57A317F-4147-4E29-83FD-3DA0D17D76C9}.Release|iPhone.Build.0 = Release|iPhone
		{73428D28-AA86-427D-8334-9EF848DF7531}.Debug|Any CPU.ActiveCfg = Debug|Any CPU
		{73428D28-AA86-427D-8334-9EF848DF7531}.Debug|Any CPU.Build.0 = Debug|Any CPU
		{73428D28-AA86-427D-8334-9EF848DF7531}.Release|Any CPU.ActiveCfg = Release|Any CPU
		{73428D28-AA86-427D-8334-9EF848DF7531}.Release|Any CPU.Build.0 = Release|Any CPU
		{73428D28-AA86-427D-8334-9EF848DF7531}.Debug|iPhoneSimulator.ActiveCfg = Debug|Any CPU
		{73428D28-AA86-427D-8334-9EF848DF7531}.Debug|iPhoneSimulator.Build.0 = Debug|Any CPU
		{73428D28-AA86-427D-8334-9EF848DF7531}.Release|iPhoneSimulator.ActiveCfg = Release|Any CPU
		{73428D28-AA86-427D-8334-9EF848DF7531}.Release|iPhoneSimulator.Build.0 = Release|Any CPU
		{73428D28-AA86-427D-8334-9EF848DF7531}.Debug|iPhone.ActiveCfg = Debug|Any CPU
		{73428D28-AA86-427D-8334-9EF848DF7531}.Debug|iPhone.Build.0 = Debug|Any CPU
		{73428D28-AA86-427D-8334-9EF848DF7531}.Release|iPhone.ActiveCfg = Release|Any CPU
		{73428D28-AA86-427D-8334-9EF848DF7531}.Release|iPhone.Build.0 = Release|Any CPU
	EndGlobalSection
EndGlobal
